# This file is autogenerated, do not edit; changes may be undone by the next 'dep ensure'.


[[projects]]
  branch = "master"
  name = "github.com/jessevdk/go-assets"
  packages = ["."]
  revision = "4f4301a06e153ff90e17793577ab6bf79f8dc5c5"

[solve-meta]
  analyzer-name = "dep"
  analyzer-version = 1
  inputs-digest = "9f4d92ecfbce8b2d155d37be2d7a8ecd45aa93c103c8d0e9cf8a5ea7f795c621"
  solver-name = "gps-cdcl"
  solver-version = 1
